
Microsoft Visual Studio Solution File, Format Version 12.00
# Visual Studio Version 17
VisualStudioVersion = 17.5.33530.505
MinimumVisualStudioVersion = 10.0.40219.1
Project("{9A19103F-16F7-4668-BE54-9A1E7A4F7556}") = "MyBlog", "MyBlog\MyBlog.csproj", "{41D10A28-9BF7-40C4-9ACE-7C4099EF5B8A}"
EndProject
Project("{9A19103F-16F7-4668-BE54-9A1E7A4F7556}") = "BlazorWebAssembly.Server", "BlazorWebAssembly\Server\BlazorWebAssembly.Server.csproj", "{5866EDA2-A6FA-4993-AC6E-676475CD604B}"
EndProject
Project("{9A19103F-16F7-4668-BE54-9A1E7A4F7556}") = "BlazorWebAssembly.Client", "BlazorWebAssembly\Client\BlazorWebAssembly.Client.csproj", "{F52B7A02-0E92-4130-93E6-B23864BA205B}"
EndProject
Project("{9A19103F-16F7-4668-BE54-9A1E7A4F7556}") = "BlazorWebAssembly.Shared", "BlazorWebAssembly\Shared\BlazorWebAssembly.Shared.csproj", "{ABF29A88-9BC9-461F-96FC-4EB48AA73A74}"
EndProject
Project("{9A19103F-16F7-4668-BE54-9A1E7A4F7556}") = "Data", "Data\Data.csproj", "{2BF6EB00-6B44-4799-9E15-6D4D4F69A0F2}"
EndProject
Project("{9A19103F-16F7-4668-BE54-9A1E7A4F7556}") = "Data.Models", "Data.Models\Data.Models.csproj", "{54763ECF-9E43-4B23-B4AA-EAEACAA5C91A}"
EndProject
Project("{FAE04EC0-301F-11D3-BF4B-00C04F79EFBC}") = "Components", "Components\Components.csproj", "{6B82D31F-2BBF-49C9-BE39-3C50CAED55EA}"
EndProject
Global
	GlobalSection(SolutionConfigurationPlatforms) = preSolution
		Debug|Any CPU = Debug|Any CPU
		Release|Any CPU = Release|Any CPU
	EndGlobalSection
	GlobalSection(ProjectConfigurationPlatforms) = postSolution
		{41D10A28-9BF7-40C4-9ACE-7C4099EF5B8A}.Debug|Any CPU.ActiveCfg = Debug|Any CPU
		{41D10A28-9BF7-40C4-9ACE-7C4099EF5B8A}.Debug|Any CPU.Build.0 = Debug|Any CPU
		{41D10A28-9BF7-40C4-9ACE-7C4099EF5B8A}.Release|Any CPU.ActiveCfg = Release|Any CPU
		{41D10A28-9BF7-40C4-9ACE-7C4099EF5B8A}.Release|Any CPU.Build.0 = Release|Any CPU
		{5866EDA2-A6FA-4993-AC6E-676475CD604B}.Debug|Any CPU.ActiveCfg = Debug|Any CPU
		{5866EDA2-A6FA-4993-AC6E-676475CD604B}.Debug|Any CPU.Build.0 = Debug|Any CPU
		{5866EDA2-A6FA-4993-AC6E-676475CD604B}.Release|Any CPU.ActiveCfg = Release|Any CPU
		{5866EDA2-A6FA-4993-AC6E-676475CD604B}.Release|Any CPU.Build.0 = Release|Any CPU
		{F52B7A02-0E92-4130-93E6-B23864BA205B}.Debug|Any CPU.ActiveCfg = Debug|Any CPU
		{F52B7A02-0E92-4130-93E6-B23864BA205B}.Debug|Any CPU.Build.0 = Debug|Any CPU
		{F52B7A02-0E92-4130-93E6-B23864BA205B}.Release|Any CPU.ActiveCfg = Release|Any CPU
		{F52B7A02-0E92-4130-93E6-B23864BA205B}.Release|Any CPU.Build.0 = Release|Any CPU
		{ABF29A88-9BC9-461F-96FC-4EB48AA73A74}.Debug|Any CPU.ActiveCfg = Debug|Any CPU
		{ABF29A88-9BC9-461F-96FC-4EB48AA73A74}.Debug|Any CPU.Build.0 = Debug|Any CPU
		{ABF29A88-9BC9-461F-96FC-4EB48AA73A74}.Release|Any CPU.ActiveCfg = Release|Any CPU
		{ABF29A88-9BC9-461F-96FC-4EB48AA73A74}.Release|Any CPU.Build.0 = Release|Any CPU
		{2BF6EB00-6B44-4799-9E15-6D4D4F69A0F2}.Debug|Any CPU.ActiveCfg = Debug|Any CPU
		{2BF6EB00-6B44-4799-9E15-6D4D4F69A0F2}.Debug|Any CPU.Build.0 = Debug|Any CPU
		{2BF6EB00-6B44-4799-9E15-6D4D4F69A0F2}.Release|Any CPU.ActiveCfg = Release|Any CPU
		{2BF6EB00-6B44-4799-9E15-6D4D4F69A0F2}.Release|Any CPU.Build.0 = Release|Any CPU
		{54763ECF-9E43-4B23-B4AA-EAEACAA5C91A}.Debug|Any CPU.ActiveCfg = Debug|Any CPU
		{54763ECF-9E43-4B23-B4AA-EAEACAA5C91A}.Debug|Any CPU.Build.0 = Debug|Any CPU
		{54763ECF-9E43-4B23-B4AA-EAEACAA5C91A}.Release|Any CPU.ActiveCfg = Release|Any CPU
		{54763ECF-9E43-4B23-B4AA-EAEACAA5C91A}.Release|Any CPU.Build.0 = Release|Any CPU
		{6B82D31F-2BBF-49C9-BE39-3C50CAED55EA}.Debug|Any CPU.ActiveCfg = Debug|Any CPU
		{6B82D31F-2BBF-49C9-BE39-3C50CAED55EA}.Debug|Any CPU.Build.0 = Debug|Any CPU
		{6B82D31F-2BBF-49C9-BE39-3C50CAED55EA}.Release|Any CPU.ActiveCfg = Release|Any CPU
		{6B82D31F-2BBF-49C9-BE39-3C50CAED55EA}.Release|Any CPU.Build.0 = Release|Any CPU
	EndGlobalSection
	GlobalSection(SolutionProperties) = preSolution
		HideSolutionNode = FALSE
	EndGlobalSection
	GlobalSection(ExtensibilityGlobals) = postSolution
		SolutionGuid = {8E37D893-0112-46D2-B5DD-9C2175C1BBBC}
	EndGlobalSection
EndGlobal
